# This file is automatically @generated by Poetry 1.4.2 and should not be changed by hand.

[[package]]
name = "numpy"
version = "1.26.2"
description = "Fundamental package for array computing in Python"
category = "main"
optional = false
python-versions = ">=3.9"
files = [
    {file = "numpy-1.26.2-cp310-cp310-macosx_10_9_x86_64.whl", hash = "sha256:3703fc9258a4a122d17043e57b35e5ef1c5a5837c3db8be396c82e04c1cf9b0f"},
    {file = "numpy-1.26.2-cp310-cp310-macosx_11_0_arm64.whl", hash = "sha256:cc392fdcbd21d4be6ae1bb4475a03ce3b025cd49a9be5345d76d7585aea69440"},
    {file = "numpy-1.26.2-cp310-cp310-manylinux_2_17_aarch64.manylinux2014_aarch64.whl", hash = "sha256:36340109af8da8805d8851ef1d74761b3b88e81a9bd80b290bbfed61bd2b4f75"},
    {file = "numpy-1.26.2-cp310-cp310-manylinux_2_17_x86_64.manylinux2014_x86_64.whl", hash = "sha256:bcc008217145b3d77abd3e4d5ef586e3bdfba8fe17940769f8aa09b99e856c00"},
    {file = "numpy-1.26.2-cp310-cp310-musllinux_1_1_aarch64.whl", hash = "sha256:3ced40d4e9e18242f70dd02d739e44698df3dcb010d31f495ff00a31ef6014fe"},
    {file = "numpy-1.26.2-cp310-cp310-musllinux_1_1_x86_64.whl", hash = "sha256:b272d4cecc32c9e19911891446b72e986157e6a1809b7b56518b4f3755267523"},
    {file = "numpy-1.26.2-cp310-cp310-win32.whl", hash = "sha256:22f8fc02fdbc829e7a8c578dd8d2e15a9074b630d4da29cda483337e300e3ee9"},
    {file = "numpy-1.26.2-cp310-cp310-win_amd64.whl", hash = "sha256:26c9d33f8e8b846d5a65dd068c14e04018d05533b348d9eaeef6c1bd787f9919"},
    {file = "numpy-1.26.2-cp311-cp311-macosx_10_9_x86_64.whl", hash = "sha256:b96e7b9c624ef3ae2ae0e04fa9b460f6b9f17ad8b4bec6d7756510f1f6c0c841"},
    {file = "numpy-1.26.2-cp311-cp311-macosx_11_0_arm64.whl", hash = "sha256:aa18428111fb9a591d7a9cc1b48150097ba6a7e8299fb56bdf574df650e7d1f1"},
    {file = "numpy-1.26.2-cp311-cp311-manylinux_2_17_aarch64.manylinux2014_aarch64.whl", hash = "sha256:06fa1ed84aa60ea6ef9f91ba57b5ed963c3729534e6e54055fc151fad0423f0a"},
    {file = "numpy-1.26.2-cp311-cp311-manylinux_2_17_x86_64.manylinux2014_x86_64.whl", hash = "sha256:96ca5482c3dbdd051bcd1fce8034603d6ebfc125a7bd59f55b40d8f5d246832b"},
    {file = "numpy-1.26.2-cp311-cp311-musllinux_1_1_aarch64.whl", hash = "sha256:854ab91a2906ef29dc3925a064fcd365c7b4da743f84b123002f6139bcb3f8a7"},
    {file = "numpy-1.26.2-cp311-cp311-musllinux_1_1_x86_64.whl", hash = "sha256:f43740ab089277d403aa07567be138fc2a89d4d9892d113b76153e0e412409f8"},
    {file = "numpy-1.26.2-cp311-cp311-win32.whl", hash = "sha256:a2bbc29fcb1771cd7b7425f98b05307776a6baf43035d3b80c4b0f29e9545186"},
    {file = "numpy-1.26.2-cp311-cp311-win_amd64.whl", hash = "sha256:2b3fca8a5b00184828d12b073af4d0fc5fdd94b1632c2477526f6bd7842d700d"},
    {file = "numpy-1.26.2-cp312-cp312-macosx_10_9_x86_64.whl", hash = "sha256:a4cd6ed4a339c21f1d1b0fdf13426cb3b284555c27ac2f156dfdaaa7e16bfab0"},
    {file = "numpy-1.26.2-cp312-cp312-macosx_11_0_arm64.whl", hash = "sha256:5d5244aabd6ed7f312268b9247be47343a654ebea52a60f002dc70c769048e75"},
    {file = "numpy-1.26.2-cp312-cp312-manylinux_2_17_aarch64.manylinux2014_aarch64.whl", hash = "sha256:6a3cdb4d9c70e6b8c0814239ead47da00934666f668426fc6e94cce869e13fd7"},
    {file = "numpy-1.26.2-cp312-cp312-manylinux_2_17_x86_64.manylinux2014_x86_64.whl", hash = "sha256:aa317b2325f7aa0a9471663e6093c210cb2ae9c0ad824732b307d2c51983d5b6"},
    {file = "numpy-1.26.2-cp312-cp312-musllinux_1_1_aarch64.whl", hash = "sha256:174a8880739c16c925799c018f3f55b8130c1f7c8e75ab0a6fa9d41cab092fd6"},
    {file = "numpy-1.26.2-cp312-cp312-musllinux_1_1_x86_64.whl", hash = "sha256:f79b231bf5c16b1f39c7f4875e1ded36abee1591e98742b05d8a0fb55d8a3eec"},
    {file = "numpy-1.26.2-cp312-cp312-win32.whl", hash = "sha256:4a06263321dfd3598cacb252f51e521a8cb4b6df471bb12a7ee5cbab20ea9167"},
    {file = "numpy-1.26.2-cp312-cp312-win_amd64.whl", hash = "sha256:b04f5dc6b3efdaab541f7857351aac359e6ae3c126e2edb376929bd3b7f92d7e"},
    {file = "numpy-1.26.2-cp39-cp39-macosx_10_9_x86_64.whl", hash = "sha256:4eb8df4bf8d3d90d091e0146f6c28492b0be84da3e409ebef54349f71ed271ef"},
    {file = "numpy-1.26.2-cp39-cp39-macosx_11_0_arm64.whl", hash = "sha256:1a13860fdcd95de7cf58bd6f8bc5a5ef81c0b0625eb2c9a783948847abbef2c2"},
    {file = "numpy-1.26.2-cp39-cp39-manylinux_2_17_aarch64.manylinux2014_aarch64.whl", hash = "sha256:64308ebc366a8ed63fd0bf426b6a9468060962f1a4339ab1074c228fa6ade8e3"},
    {file = "numpy-1.26.2-cp39-cp39-manylinux_2_17_x86_64.manylinux2014_x86_64.whl", hash = "sha256:baf8aab04a2c0e859da118f0b38617e5ee65d75b83795055fb66c0d5e9e9b818"},
    {file = "numpy-1.26.2-cp39-cp39-musllinux_1_1_aarch64.whl", hash = "sha256:d73a3abcac238250091b11caef9ad12413dab01669511779bc9b29261dd50210"},
    {file = "numpy-1.26.2-cp39-cp39-musllinux_1_1_x86_64.whl", hash = "sha256:b361d369fc7e5e1714cf827b731ca32bff8d411212fccd29ad98ad622449cc36"},
    {file = "numpy-1.26.2-cp39-cp39-win32.whl", hash = "sha256:bd3f0091e845164a20bd5a326860c840fe2af79fa12e0469a12768a3ec578d80"},
    {file = "numpy-1.26.2-cp39-cp39-win_amd64.whl", hash = "sha256:2beef57fb031dcc0dc8fa4fe297a742027b954949cabb52a2a376c144e5e6060"},
    {file = "numpy-1.26.2-pp39-pypy39_pp73-macosx_10_9_x86_64.whl", hash = "sha256:1cc3d5029a30fb5f06704ad6b23b35e11309491c999838c31f124fee32107c79"},
    {file = "numpy-1.26.2-pp39-pypy39_pp73-manylinux_2_17_x86_64.manylinux2014_x86_64.whl", hash = "sha256:94cc3c222bb9fb5a12e334d0479b97bb2df446fbe622b470928f5284ffca3f8d"},
    {file = "numpy-1.26.2-pp39-pypy39_pp73-win_amd64.whl", hash = "sha256:fe6b44fb8fcdf7eda4ef4461b97b3f63c466b27ab151bec2366db8b197387841"},
    {file = "numpy-1.26.2.tar.gz", hash = "sha256:f65738447676ab5777f11e6bbbdb8ce11b785e105f690bc45966574816b6d3ea"},
]

[[package]]
name = "python-sat"
version = "0.1.8.dev10"
description = "A Python library for prototyping with SAT oracles"
category = "main"
optional = false
python-versions = "*"
files = [
    {file = "python-sat-0.1.8.dev10.tar.gz", hash = "sha256:ebbeeb11f1bf657af2ff73cab96f81fd45f1ffb293b6d4e137a7fc3badc0a5ad"},
    {file = "python_sat-0.1.8.dev10-cp27-cp27m-manylinux_2_5_i686.manylinux1_i686.whl", hash = "sha256:09a88e574cf08091073f0b7f82f5e0da4a207622838192bfe641360fc86d6dcd"},
    {file = "python_sat-0.1.8.dev10-cp27-cp27m-manylinux_2_5_x86_64.manylinux1_x86_64.whl", hash = "sha256:418b8ef1ff087f5c1fe589678724e3a9fb2c3ae8baef93a694d64083fa682f53"},
    {file = "python_sat-0.1.8.dev10-cp27-cp27mu-manylinux_2_5_i686.manylinux1_i686.whl", hash = "sha256:74357d80329f67569b62597fa01d640230cd0bec6331da7c461d4e3a81a14a32"},
    {file = "python_sat-0.1.8.dev10-cp27-cp27mu-manylinux_2_5_x86_64.manylinux1_x86_64.whl", hash = "sha256:0613948eb8638ec317cbb57f329d18130dac9945f0ab40ee8346d529111b90d3"},
    {file = "python_sat-0.1.8.dev10-cp310-cp310-macosx_13_0_arm64.whl", hash = "sha256:1946e718ec83191f743d2c388e6ba86a571898858da48afa49330eee6dc4a932"},
    {file = "python_sat-0.1.8.dev10-cp310-cp310-macosx_14_0_x86_64.whl", hash = "sha256:9647a982c5300849936330b15524191dab4a1dae0b4c9be2fe48ab2a00a3e3d4"},
    {file = "python_sat-0.1.8.dev10-cp310-cp310-manylinux_2_17_aarch64.manylinux2014_aarch64.manylinux_2_28_aarch64.whl", hash = "sha256:fece667d5f6209507aeb101a1d87886b61be69422753e42dfeccdab696135abd"},
    {file = "python_sat-0.1.8.dev10-cp310-cp310-manylinux_2_17_aarch64.manylinux2014_aarch64.whl", hash = "sha256:247fe5dfb499fb6710cee553d9b6b60828cecc9f09d9182e56f2eff7003a20fd"},
    {file = "python_sat-0.1.8.dev10-cp310-cp310-manylinux_2_17_i686.manylinux2014_i686.whl", hash = "sha256:99907550840607ee1eb225978e3987117b8e01e5f95b1c5f0d0e4671870ee9a6"},
    {file = "python_sat-0.1.8.dev10-cp310-cp310-manylinux_2_17_x86_64.manylinux2014_x86_64.manylinux_2_28_x86_64.whl", hash = "sha256:43dca74505a3a23de0f38f4acaebed13efc598528fcc85e9f52ec40cc298dd4f"},
    {file = "python_sat-0.1.8.dev10-cp310-cp310-manylinux_2_17_x86_64.manylinux2014_x86_64.whl", hash = "sha256:acda2c1e933fac6d30d65ca97a84a7285c2cc185abcb747f01d129c858890c29"},
    {file = "python_sat-0.1.8.dev10-cp310-cp310-win_amd64.whl", hash = "sha256:f3fca5ccfd9f883983878d347ec3bbc09559160f0b002f0e94949bee7f8e20b1"},
    {file = "python_sat-0.1.8.dev10-cp311-cp311-macosx_14_0_arm64.whl", hash = "sha256:bae99e977cb1132d8b562605582203cc71cfe521645a79389d31bed88d73648e"},
    {file = "python_sat-0.1.8.dev10-cp311-cp311-macosx_14_0_x86_64.whl", hash = "sha256:4f435189eda011c2b45c62927ffa82b758a6d9896d77b3ff8a4a50aa71117132"},
    {file = "python_sat-0.1.8.dev10-cp311-cp311-manylinux_2_17_aarch64.manylinux2014_aarch64.manylinux_2_28_aarch64.whl", hash = "sha256:9b1382ef516481fe0d50a89d9cd848ba9bfd8ca8d24a85c9a0bf42710af31981"},
    {file = "python_sat-0.1.8.dev10-cp311-cp311-manylinux_2_17_aarch64.manylinux2014_aarch64.whl", hash = "sha256:55a27ded9dfd37519ea0c24b932daa497983875a13c4ad3bfb234bf4f235ea9c"},
    {file = "python_sat-0.1.8.dev10-cp311-cp311-manylinux_2_17_i686.manylinux2014_i686.whl", hash = "sha256:f4cec42ce9f5ba06f0cea31d53e255eaea9eaaef7c9333d29579cb66d00747b9"},
    {file = "python_sat-0.1.8.dev10-cp311-cp311-manylinux_2_17_x86_64.manylinux2014_x86_64.manylinux_2_28_x86_64.whl", hash = "sha256:095232057ddd0ca2695bcf7d91e96a59da2754e76371656741a2dcca795112b7"},
    {file = "python_sat-0.1.8.dev10-cp311-cp311-manylinux_2_17_x86_64.manylinux2014_x86_64.whl", hash = "sha256:0e6dfaf6461aad904166695cd05e455d42ea747c09640ede9759e5550c28b214"},
    {file = "python_sat-0.1.8.dev10-cp311-cp311-win_amd64.whl", hash = "sha256:e4a21ab3221d4201155ec4ce624c81012c571008293f3d6162c92ce97388816e"},
    {file = "python_sat-0.1.8.dev10-cp312-cp312-manylinux_2_17_i686.manylinux2014_i686.whl", hash = "sha256:e0ab3c530efaa463fe37faa67458fde8ae57ef747f8dbd83c7a550320b349ed0"},
    {file = "python_sat-0.1.8.dev10-cp312-cp312-manylinux_2_17_x86_64.manylinux2014_x86_64.manylinux_2_28_x86_64.whl", hash = "sha256:5b8d7349f42857e20d627366a80386cdc7b07675677c428267ee80f9d0c2fc6b"},
    {file = "python_sat-0.1.8.dev10-cp312-cp312-manylinux_2_17_x86_64.manylinux2014_x86_64.whl", hash = "sha256:e4e640432750e1b31514c82a8e5e5d009dbf4ecfac35be62dc62a19d326a9a19"},
    {file = "python_sat-0.1.8.dev10-cp312-cp312-manylinux_2_24_aarch64.manylinux_2_28_aarch64.whl", hash = "sha256:4c28f5dfd36b40f92384df9a43ba9107be342dfe47329e6817b5b830361e0b10"},
    {file = "python_sat-0.1.8.dev10-cp35-cp35m-manylinux_2_5_i686.manylinux1_i686.whl", hash = "sha256:58a1d3c8ae51f89a769e8d7096b5d6613b446964016b39dfe4a36b26d7cedf1b"},
    {file = "python_sat-0.1.8.dev10-cp35-cp35m-manylinux_2_5_x86_64.manylinux1_x86_64.whl", hash = "sha256:618c597a0473532c87e4f0b2a158daa81f871d93c8240b6808e739c2be7d1f30"},
    {file = "python_sat-0.1.8.dev10-cp36-cp36m-manylinux_2_17_aarch64.manylinux2014_aarch64.manylinux_2_28_aarch64.whl", hash = "sha256:4da0f0af5ce2d8071f6febd25f0fae594981b216f520b21175a6130dee03548e"},
    {file = "python_sat-0.1.8.dev10-cp36-cp36m-manylinux_2_17_aarch64.manylinux2014_aarch64.whl", hash = "sha256:11c92b06b3ca0e1f8f32af08353b61521a209ae231ab2a700ac9c4918ea09bd4"},
    {file = "python_sat-0.1.8.dev10-cp36-cp36m-manylinux_2_5_i686.manylinux1_i686.manylinux_2_17_i686.manylinux2014_i686.whl", hash = "sha256:64561b3b3dcdf028f68fd75918946e61ab7ac548e43549917068a0f7451fa4c0"},
    {file = "python_sat-0.1.8.dev10-cp36-cp36m-manylinux_2_5_i686.manylinux1_i686.whl", hash = "sha256:b7a172a23506585499050e8ba3eadf4ecd7e2bfbfbd09e386de773e9499b8b27"},
    {file = "python_sat-0.1.8.dev10-cp36-cp36m-manylinux_2_5_x86_64.manylinux1_x86_64.manylinux_2_17_x86_64.manylinux2014_x86_64.whl", hash = "sha256:a43cbec947062e18a98d932c51bd1e51b22a68b8d4235d01e58552146aedacad"},
    {file = "python_sat-0.1.8.dev10-cp36-cp36m-manylinux_2_5_x86_64.manylinux1_x86_64.manylinux_2_28_x86_64.whl", hash = "sha256:d76ac5b59bfcf114ff8f2c03a33389d6920b44e9a963f53a028cec5c0c195a96"},
    {file = "python_sat-0.1.8.dev10-cp36-cp36m-manylinux_2_5_x86_64.manylinux1_x86_64.whl", hash = "sha256:b0d4497220626a512ca287d84650f1750fdf739918fc8049f253134ba71f70ab"},
    {file = "python_sat-0.1.8.dev10-cp36-cp36m-win_amd64.whl", hash = "sha256:6911e06e1440da6e0d40422837d0ffa09fbd35f6822a72f41de2af85be2fe6de"},
    {file = "python_sat-0.1.8.dev10-cp37-cp37m-manylinux_2_17_aarch64.manylinux2014_aarch64.manylinux_2_28_aarch64.whl", hash = "sha256:a0d5de5a9f4585cca0c4d7a1a36935bfd3677f7b02ff8e4596375cd493f40d3b"},
    {file = "python_sat-0.1.8.dev10-cp37-cp37m-manylinux_2_17_aarch64.manylinux2014_aarch64.whl", hash = "sha256:e0617b62ed01a774777b0b2bd58d82bf79440f295954f734c609cc3933d2af95"},
    {file = "python_sat-0.1.8.dev10-cp37-cp37m-manylinux_2_5_i686.manylinux1_i686.manylinux_2_17_i686.manylinux2014_i686.whl", hash = "sha256:4db0485596d7e546b1e3ca4cfd6a1177ae4db799ba6e8cf5989aaf7962640aa5"},
    {file = "python_sat-0.1.8.dev10-cp37-cp37m-manylinux_2_5_i686.manylinux1_i686.whl", hash = "sha256:1d3cdafc65737240fb06259a9417f5f71eacafb8b6a40fff28d18e23200dd09b"},
    {file = "python_sat-0.1.8.dev10-cp37-cp37m-manylinux_2_5_x86_64.manylinux1_x86_64.manylinux_2_17_x86_64.manylinux2014_x86_64.whl", hash = "sha256:4d715cbe151d12d8eb318b29129bdd88a2378be2533fd6cb733ccb2fda54180b"},
    {file = "python_sat-0.1.8.dev10-cp37-cp37m-manylinux_2_5_x86_64.manylinux1_x86_64.manylinux_2_28_x86_64.whl", hash = "sha256:a4dce9dcc4312f250f89b7c06cd9a0b77361aa73379ed6e39f857a60ba2bb513"},
    {file = "python_sat-0.1.8.dev10-cp37-cp37m-manylinux_2_5_x86_64.manylinux1_x86_64.whl", hash = "sha256:46ead24f5c51d9ff4866e63c266657720983b4e77615d533e25628637d792b3f"},
    {file = "python_sat-0.1.8.dev10-cp37-cp37m-win_amd64.whl", hash = "sha256:50794dd01de204b3f136f3ec7630e621f3bfb3c07937fa520d2c573b433f5daa"},
    {file = "python_sat-0.1.8.dev10-cp38-cp38-macosx_13_0_arm64.whl", hash = "sha256:75e4f104d55b9b5acf4067e12316238559ffba10403641eee3a06df94f271761"},
    {file = "python_sat-0.1.8.dev10-cp38-cp38-macosx_14_0_x86_64.whl", hash = "sha256:e16e8c1ef9b73470e8f068a03056c259d89167675116414fe29b9472f0e66d92"},
    {file = "python_sat-0.1.8.dev10-cp38-cp38-manylinux_2_17_aarch64.manylinux2014_aarch64.manylinux_2_28_aarch64.whl", hash = "sha256:a7dc206ba37d2513caec9d12d07277b2f3d0498daa6e09e23de9aee044ee5853"},
    {file = "python_sat-0.1.8.dev10-cp38-cp38-manylinux_2_17_aarch64.manylinux2014_aarch64.whl", hash = "sha256:b21a2747d918a617b39a6252894fb2f9a2cd30de3f781dbf6501a0f9521d37fe"},
    {file = "python_sat-0.1.8.dev10-cp38-cp38-manylinux_2_5_i686.manylinux1_i686.manylinux_2_17_i686.manylinux2014_i686.whl", hash = "sha256:fb277e9f7ea1461e2cef57d743576d68c28248d6790dfb5eedefa9c369152e31"},
    {file = "python_sat-0.1.8.dev10-cp38-cp38-manylinux_2_5_i686.manylinux1_i686.whl", hash = "sha256:8b7802029cd82bcc93f932fa497f42149925a918d24d3756d3c5a6504b3414ff"},
    {file = "python_sat-0.1.8.dev10-cp38-cp38-manylinux_2_5_x86_64.manylinux1_x86_64.manylinux_2_17_x86_64.manylinux2014_x86_64.whl", hash = "sha256:0a4f47f5fe2684a9b0dc2e1d4caca99fac0c51633cae7d82acd65ea60f8f9e02"},
    {file = "python_sat-0.1.8.dev10-cp38-cp38-manylinux_2_5_x86_64.manylinux1_x86_64.manylinux_2_28_x86_64.whl", hash = "sha256:a6410f3b7af944e58fd85010e4079f4fd4a7bc3dd0f0806adcc9fcfca5968c68"},
    {file = "python_sat-0.1.8.dev10-cp38-cp38-manylinux_2_5_x86_64.manylinux1_x86_64.whl", hash = "sha256:98216aafd5b26deeeddd222366612938827899eb06ae7157cd9e875c4b789722"},
    {file = "python_sat-0.1.8.dev10-cp38-cp38-win_amd64.whl", hash = "sha256:fcf5bc9dca94b8ff6468bf72628eb541012f06e9edbc15a30a5ef6c69566e337"},
    {file = "python_sat-0.1.8.dev10-cp39-cp39-macosx_13_0_arm64.whl", hash = "sha256:5742de5e4987652a2e76e1fe4a0c6be1b123d441e055c7858b9dce4bdcfb730e"},
    {file = "python_sat-0.1.8.dev10-cp39-cp39-macosx_14_0_x86_64.whl", hash = "sha256:2125f36e88c8ecdeeb8da23c346173d235e9da5a7a0a524a13016ab458652a09"},
    {file = "python_sat-0.1.8.dev10-cp39-cp39-manylinux_2_17_aarch64.manylinux2014_aarch64.manylinux_2_28_aarch64.whl", hash = "sha256:b74a0e1d2ce13436422de4837dbefd6035a6e0514f7214c1c462b9873f475323"},
    {file = "python_sat-0.1.8.dev10-cp39-cp39-manylinux_2_17_aarch64.manylinux2014_aarch64.whl", hash = "sha256:0c4cf120fe4c410a947aa05a30898045aa7152f2a50a6b2242c71aa103cf4e70"},
    {file = "python_sat-0.1.8.dev10-cp39-cp39-manylinux_2_5_i686.manylinux1_i686.manylinux_2_17_i686.manylinux2014_i686.whl", hash = "sha256:69545c35184a467cef4ed3dc2fc944f9f554b162c9127c20cd8b7d021ac278dd"},
    {file = "python_sat-0.1.8.dev10-cp39-cp39-manylinux_2_5_i686.manylinux1_i686.whl", hash = "sha256:d2e9f02887ecf84851af672b5fe76f212c8e8a6f9f9616411da9f2c384b7eb3a"},
    {file = "python_sat-0.1.8.dev10-cp39-cp39-manylinux_2_5_x86_64.manylinux1_x86_64.manylinux_2_17_x86_64.manylinux2014_x86_64.whl", hash = "sha256:d77d8bbe0f154cf1ea46e773a183a8a78fc7a4284ef2ae222627f00a445fefee"},
    {file = "python_sat-0.1.8.dev10-cp39-cp39-manylinux_2_5_x86_64.manylinux1_x86_64.manylinux_2_28_x86_64.whl", hash = "sha256:1d2aa499d9735b4fe9fc6406e73d7544f02eb4f2381e6449c055b574cf22d294"},
    {file = "python_sat-0.1.8.dev10-cp39-cp39-manylinux_2_5_x86_64.manylinux1_x86_64.whl", hash = "sha256:47be7a6ca554dfef309a985244de97239d4cd7266135cc11559006cae5d8701a"},
    {file = "python_sat-0.1.8.dev10-cp39-cp39-win_amd64.whl", hash = "sha256:e4a201a6c434bb48393b0da3f9a28bb4fba65aee3fddac7f3ba95f3dc0322e4a"},
    {file = "python_sat-0.1.8.dev10-pp310-pypy310_pp73-macosx_10_9_x86_64.whl", hash = "sha256:a5855a3372592b3872095ac39b7634b987c9b83d023db543978e3fc166eca185"},
    {file = "python_sat-0.1.8.dev10-pp310-pypy310_pp73-macosx_11_0_arm64.whl", hash = "sha256:800025857db648fef46be530a00f15136e82ad233b477684f0e7a25f2a2764cb"},
    {file = "python_sat-0.1.8.dev10-pp310-pypy310_pp73-manylinux_2_17_i686.manylinux2014_i686.whl", hash = "sha256:8c27821f56f03494089f48ee85878b7813eb937b278de5ffb9c303685a85d3a8"},
    {file = "python_sat-0.1.8.dev10-pp310-pypy310_pp73-manylinux_2_17_x86_64.manylinux2014_x86_64.manylinux_2_28_x86_64.whl", hash = "sha256:9803e1121a078c7ae9b098cf92bbaafc4e7ad11582c506f293fb47a7640d05f2"},
    {file = "python_sat-0.1.8.dev10-pp310-pypy310_pp73-manylinux_2_17_x86_64.manylinux2014_x86_64.whl", hash = "sha256:c50c9aa0976c0faf0ccc118e3b084f6036c3b779c73b13f35597ea0a58cd4cc1"},
    {file = "python_sat-0.1.8.dev10-pp310-pypy310_pp73-manylinux_2_24_aarch64.manylinux_2_28_aarch64.whl", hash = "sha256:e860059652258ff1960bd75da649104ac5098a7bedbe32211653d00dc463829a"},
    {file = "python_sat-0.1.8.dev10-pp37-pypy37_pp73-manylinux_2_17_aarch64.manylinux2014_aarch64.manylinux_2_28_aarch64.whl", hash = "sha256:3c4a89373d3f9bb78d9bddb8386c75b469f4ae4f5bf4afdde5427fbdc9213f9e"},
    {file = "python_sat-0.1.8.dev10-pp37-pypy37_pp73-manylinux_2_17_aarch64.manylinux2014_aarch64.whl", hash = "sha256:3caffb09fd5a9e541211f13b075a697ff0a35d77cbfd3e9f0c2454c1a788e6c4"},
    {file = "python_sat-0.1.8.dev10-pp37-pypy37_pp73-manylinux_2_17_i686.manylinux2014_i686.whl", hash = "sha256:0535f263fa4c429969c6acc012d591998222a65bef0bdb79d09493cc4385bfa6"},
    {file = "python_sat-0.1.8.dev10-pp37-pypy37_pp73-manylinux_2_17_x86_64.manylinux2014_x86_64.manylinux_2_28_x86_64.whl", hash = "sha256:ccc67473a7e1384cfca3004efc98c6de9f86d4f9ad2622ad8f50f69aa26152f2"},
    {file = "python_sat-0.1.8.dev10-pp37-pypy37_pp73-manylinux_2_17_x86_64.manylinux2014_x86_64.whl", hash = "sha256:c059db0511fbf79d7dbbe00da8dc132e5f33797fde835966bce8a6408b31e1be"},
    {file = "python_sat-0.1.8.dev10-pp38-pypy38_pp73-manylinux_2_17_aarch64.manylinux2014_aarch64.manylinux_2_28_aarch64.whl", hash = "sha256:3381ab39ba9df561193ff2fa5fe2d3ee65477380dd20fca637fda4599a858f03"},
    {file = "python_sat-0.1.8.dev10-pp38-pypy38_pp73-manylinux_2_17_aarch64.manylinux2014_aarch64.whl", hash = "sha256:3a48011ed8fd47a330aabe471a46e629004823281a09467e231cb9a7078a51c1"},
    {file = "python_sat-0.1.8.dev10-pp38-pypy38_pp73-manylinux_2_17_i686.manylinux2014_i686.whl", hash = "sha256:61a972925cc3b0d8e3181a59eb86b28f50a9123bbdccc110fedca4d4fb99eb43"},
    {file = "python_sat-0.1.8.dev10-pp38-pypy38_pp73-manylinux_2_17_x86_64.manylinux2014_x86_64.manylinux_2_28_x86_64.whl", hash = "sha256:bcc8d3fa89ed13c116d546f6e47b2a44f9cebaeaa930a1405735c1a42daf3bc9"},
    {file = "python_sat-0.1.8.dev10-pp38-pypy38_pp73-manylinux_2_17_x86_64.manylinux2014_x86_64.whl", hash = "sha256:279e4e2ee4aa2c72a31894dd969a875299201b22a427fa5bf3d1269c05a4c185"},
    {file = "python_sat-0.1.8.dev10-pp39-pypy39_pp73-macosx_10_9_x86_64.whl", hash = "sha256:41b87339f0c2b5dedef2101469d486292b534c3c11b58dc3154efddcf70aee4c"},
    {file = "python_sat-0.1.8.dev10-pp39-pypy39_pp73-macosx_11_0_arm64.whl", hash = "sha256:9eb2f0c2fd7b3d25accda38364d7add01198f53cf9b8ae914e5e4c39eb588013"},
    {file = "python_sat-0.1.8.dev10-pp39-pypy39_pp73-manylinux_2_17_aarch64.manylinux2014_aarch64.manylinux_2_28_aarch64.whl", hash = "sha256:85036626a534819e6c9e1550ef8f5fb764b03b078a06d4c3cf98c92dc2e7a7c0"},
    {file = "python_sat-0.1.8.dev10-pp39-pypy39_pp73-manylinux_2_17_aarch64.manylinux2014_aarch64.whl", hash = "sha256:5f23bb82a7d7be4b6d7b4c9eecd50eb91a5844887ee52caa50261d9982e57cb2"},
    {file = "python_sat-0.1.8.dev10-pp39-pypy39_pp73-manylinux_2_17_i686.manylinux2014_i686.whl", hash = "sha256:0d3d1860abf08b635fda9b7ec9b01cd1ce0f53db635375193c1cc90fe474c815"},
    {file = "python_sat-0.1.8.dev10-pp39-pypy39_pp73-manylinux_2_17_x86_64.manylinux2014_x86_64.manylinux_2_28_x86_64.whl", hash = "sha256:b43e2888d75a9dfd29db2ad1fb86280debb8476bef12ea42c7bc30ecd920f425"},
    {file = "python_sat-0.1.8.dev10-pp39-pypy39_pp73-manylinux_2_17_x86_64.manylinux2014_x86_64.whl", hash = "sha256:d97fc3b77843d74ba2a8bd2608c54198b6e695d767d77071812f153420de2661"},
]

[package.dependencies]
six = "*"

[package.extras]
aiger = ["py-aiger-cnf (>=2.0.0)"]
approxmc = ["pyapproxmc (>=4.1.8)"]
pblib = ["pypblib (>=0.0.3)"]

[[package]]
name = "six"
version = "1.16.0"
description = "Python 2 and 3 compatibility utilities"
category = "main"
optional = false
python-versions = ">=2.7, !=3.0.*, !=3.1.*, !=3.2.*"
files = [
    {file = "six-1.16.0-py2.py3-none-any.whl", hash = "sha256:8abb2f1d86890a2dfb989f9a77cfcfd3e47c2a354b01111771326f8aa26e0254"},
    {file = "six-1.16.0.tar.gz", hash = "sha256:1e61c37477a1626458e36f7b1d82aa5c9b094fa4802892072e49de9c60c4c926"},
]

[metadata]
lock-version = "2.0"
python-versions = "^3.11"
content-hash = "3caca66447bd388ae01fe94db93ef7534d5fafc210af0fcff2ca549dc58380b9"
